// !$*UTF8*$!
{
	archiveVersion = 1;
	classes = {
	};
	objectVersion = 55;
	objects = {

/* Begin PBXBuildFile section */
		3B0EC0CE284FCBE000ADDCE5 /* MainBuilder.swift in Sources */ = {isa = PBXBuildFile; fileRef = 3B0EC0CD284FCBE000ADDCE5 /* MainBuilder.swift */; };
		3B0EC0D0284FCCA200ADDCE5 /* MainViewInput.swift in Sources */ = {isa = PBXBuildFile; fileRef = 3B0EC0CF284FCCA200ADDCE5 /* MainViewInput.swift */; };
		3B0EC0D2284FCCAB00ADDCE5 /* MainViewOutput.swift in Sources */ = {isa = PBXBuildFile; fileRef = 3B0EC0D1284FCCAB00ADDCE5 /* MainViewOutput.swift */; };
		3B0EC0D4284FCDE700ADDCE5 /* MainPresenter.swift in Sources */ = {isa = PBXBuildFile; fileRef = 3B0EC0D3284FCDE700ADDCE5 /* MainPresenter.swift */; };
		3B0EC0D7284FD08600ADDCE5 /* ReactiveDataDisplayManager in Frameworks */ = {isa = PBXBuildFile; productRef = 3B0EC0D6284FD08600ADDCE5 /* ReactiveDataDisplayManager */; };
		3B0EC0DA284FD69B00ADDCE5 /* InputCell.swift in Sources */ = {isa = PBXBuildFile; fileRef = 3B0EC0D9284FD69B00ADDCE5 /* InputCell.swift */; };
		3B1418DA284FDEA2001539D5 /* InputCellModel.swift in Sources */ = {isa = PBXBuildFile; fileRef = 3B1418D9284FDEA2001539D5 /* InputCellModel.swift */; };
		3B99C7AC2850DED100FBED8E /* Pupil.swift in Sources */ = {isa = PBXBuildFile; fileRef = 3B99C7AB2850DED000FBED8E /* Pupil.swift */; };
		3B99C7AE2850E94400FBED8E /* ShapeType.swift in Sources */ = {isa = PBXBuildFile; fileRef = 3B99C7AD2850E94400FBED8E /* ShapeType.swift */; };
		3B99C7B22850EA8900FBED8E /* Needle.swift in Sources */ = {isa = PBXBuildFile; fileRef = 3B99C7B12850EA8900FBED8E /* Needle.swift */; };
		3B99C7B42850EAA100FBED8E /* Trident.swift in Sources */ = {isa = PBXBuildFile; fileRef = 3B99C7B32850EAA100FBED8E /* Trident.swift */; };
		3B99C7B62850EAB000FBED8E /* Knife.swift in Sources */ = {isa = PBXBuildFile; fileRef = 3B99C7B52850EAB000FBED8E /* Knife.swift */; };
		3B99C7B92850EAC800FBED8E /* HeliumBalloon.swift in Sources */ = {isa = PBXBuildFile; fileRef = 3B99C7B82850EAC800FBED8E /* HeliumBalloon.swift */; };
		3B99C7BB2850EAD700FBED8E /* AirBalloon.swift in Sources */ = {isa = PBXBuildFile; fileRef = 3B99C7BA2850EAD700FBED8E /* AirBalloon.swift */; };
		3B99C7BD2850EAE100FBED8E /* Ball.swift in Sources */ = {isa = PBXBuildFile; fileRef = 3B99C7BC2850EAE100FBED8E /* Ball.swift */; };
		3B99C7C02850EB3300FBED8E /* Star.swift in Sources */ = {isa = PBXBuildFile; fileRef = 3B99C7BF2850EB3300FBED8E /* Star.swift */; };
		3B99C7C22850EB3A00FBED8E /* Moon.swift in Sources */ = {isa = PBXBuildFile; fileRef = 3B99C7C12850EB3A00FBED8E /* Moon.swift */; };
		3B99C7C52850EC7D00FBED8E /* Validable.swift in Sources */ = {isa = PBXBuildFile; fileRef = 3B99C7C42850EC7D00FBED8E /* Validable.swift */; };
		3B99C7C82850F15A00FBED8E /* Mediator.swift in Sources */ = {isa = PBXBuildFile; fileRef = 3B99C7C72850F15A00FBED8E /* Mediator.swift */; };
		3B9F4B2C28523F86007AACC2 /* RulePriority.swift in Sources */ = {isa = PBXBuildFile; fileRef = 3B9F4B2B28523F86007AACC2 /* RulePriority.swift */; };
		3B9F4B2F285272E3007AACC2 /* Validator.swift in Sources */ = {isa = PBXBuildFile; fileRef = 3B9F4B2E285272E3007AACC2 /* Validator.swift */; };
		3B9F4B3128527304007AACC2 /* ValidationRuleProtocol.swift in Sources */ = {isa = PBXBuildFile; fileRef = 3B9F4B3028527304007AACC2 /* ValidationRuleProtocol.swift */; };
		3B9F4B34285278B3007AACC2 /* Teacher.swift in Sources */ = {isa = PBXBuildFile; fileRef = 3B9F4B33285278B3007AACC2 /* Teacher.swift */; };
		3B9F4B3628527CB6007AACC2 /* SurveyableObjectsProvider.swift in Sources */ = {isa = PBXBuildFile; fileRef = 3B9F4B3528527CB6007AACC2 /* SurveyableObjectsProvider.swift */; };
		3B9F4B382853678F007AACC2 /* Surveyable.swift in Sources */ = {isa = PBXBuildFile; fileRef = 3B9F4B372853678F007AACC2 /* Surveyable.swift */; };
		3B9F4B3C28536B16007AACC2 /* ViewRepresentable.swift in Sources */ = {isa = PBXBuildFile; fileRef = 3B9F4B3B28536B16007AACC2 /* ViewRepresentable.swift */; };
		3BD54C41284FC64C0004EACB /* AppDelegate.swift in Sources */ = {isa = PBXBuildFile; fileRef = 3BD54C40284FC64C0004EACB /* AppDelegate.swift */; };
		3BD54C43284FC64C0004EACB /* SceneDelegate.swift in Sources */ = {isa = PBXBuildFile; fileRef = 3BD54C42284FC64C0004EACB /* SceneDelegate.swift */; };
		3BD54C45284FC64C0004EACB /* MainViewController.swift in Sources */ = {isa = PBXBuildFile; fileRef = 3BD54C44284FC64C0004EACB /* MainViewController.swift */; };
		3BD54C4A284FC64F0004EACB /* Assets.xcassets in Resources */ = {isa = PBXBuildFile; fileRef = 3BD54C49284FC64F0004EACB /* Assets.xcassets */; };
		3BD54C4D284FC64F0004EACB /* LaunchScreen.storyboard in Resources */ = {isa = PBXBuildFile; fileRef = 3BD54C4B284FC64F0004EACB /* LaunchScreen.storyboard */; };
/* End PBXBuildFile section */

/* Begin PBXFileReference section */
		3B0EC0CD284FCBE000ADDCE5 /* MainBuilder.swift */ = {isa = PBXFileReference; lastKnownFileType = sourcecode.swift; path = MainBuilder.swift; sourceTree = "<group>"; };
		3B0EC0CF284FCCA200ADDCE5 /* MainViewInput.swift */ = {isa = PBXFileReference; lastKnownFileType = sourcecode.swift; path = MainViewInput.swift; sourceTree = "<group>"; };
		3B0EC0D1284FCCAB00ADDCE5 /* MainViewOutput.swift */ = {isa = PBXFileReference; lastKnownFileType = sourcecode.swift; path = MainViewOutput.swift; sourceTree = "<group>"; };
		3B0EC0D3284FCDE700ADDCE5 /* MainPresenter.swift */ = {isa = PBXFileReference; lastKnownFileType = sourcecode.swift; path = MainPresenter.swift; sourceTree = "<group>"; };
		3B0EC0D9284FD69B00ADDCE5 /* InputCell.swift */ = {isa = PBXFileReference; lastKnownFileType = sourcecode.swift; path = InputCell.swift; sourceTree = "<group>"; };
		3B1418D9284FDEA2001539D5 /* InputCellModel.swift */ = {isa = PBXFileReference; lastKnownFileType = sourcecode.swift; path = InputCellModel.swift; sourceTree = "<group>"; };
		3B99C7AB2850DED000FBED8E /* Pupil.swift */ = {isa = PBXFileReference; lastKnownFileType = sourcecode.swift; path = Pupil.swift; sourceTree = "<group>"; };
		3B99C7AD2850E94400FBED8E /* ShapeType.swift */ = {isa = PBXFileReference; lastKnownFileType = sourcecode.swift; path = ShapeType.swift; sourceTree = "<group>"; };
		3B99C7B12850EA8900FBED8E /* Needle.swift */ = {isa = PBXFileReference; lastKnownFileType = sourcecode.swift; path = Needle.swift; sourceTree = "<group>"; };
		3B99C7B32850EAA100FBED8E /* Trident.swift */ = {isa = PBXFileReference; lastKnownFileType = sourcecode.swift; path = Trident.swift; sourceTree = "<group>"; };
		3B99C7B52850EAB000FBED8E /* Knife.swift */ = {isa = PBXFileReference; lastKnownFileType = sourcecode.swift; path = Knife.swift; sourceTree = "<group>"; };
		3B99C7B82850EAC800FBED8E /* HeliumBalloon.swift */ = {isa = PBXFileReference; lastKnownFileType = sourcecode.swift; path = HeliumBalloon.swift; sourceTree = "<group>"; };
		3B99C7BA2850EAD700FBED8E /* AirBalloon.swift */ = {isa = PBXFileReference; lastKnownFileType = sourcecode.swift; path = AirBalloon.swift; sourceTree = "<group>"; };
		3B99C7BC2850EAE100FBED8E /* Ball.swift */ = {isa = PBXFileReference; lastKnownFileType = sourcecode.swift; path = Ball.swift; sourceTree = "<group>"; };
		3B99C7BF2850EB3300FBED8E /* Star.swift */ = {isa = PBXFileReference; lastKnownFileType = sourcecode.swift; path = Star.swift; sourceTree = "<group>"; };
		3B99C7C12850EB3A00FBED8E /* Moon.swift */ = {isa = PBXFileReference; lastKnownFileType = sourcecode.swift; path = Moon.swift; sourceTree = "<group>"; };
		3B99C7C42850EC7D00FBED8E /* Validable.swift */ = {isa = PBXFileReference; lastKnownFileType = sourcecode.swift; path = Validable.swift; sourceTree = "<group>"; };
		3B99C7C72850F15A00FBED8E /* Mediator.swift */ = {isa = PBXFileReference; lastKnownFileType = sourcecode.swift; path = Mediator.swift; sourceTree = "<group>"; };
		3B9F4B2B28523F86007AACC2 /* RulePriority.swift */ = {isa = PBXFileReference; lastKnownFileType = sourcecode.swift; path = RulePriority.swift; sourceTree = "<group>"; };
		3B9F4B2E285272E3007AACC2 /* Validator.swift */ = {isa = PBXFileReference; lastKnownFileType = sourcecode.swift; path = Validator.swift; sourceTree = "<group>"; };
		3B9F4B3028527304007AACC2 /* ValidationRuleProtocol.swift */ = {isa = PBXFileReference; lastKnownFileType = sourcecode.swift; path = ValidationRuleProtocol.swift; sourceTree = "<group>"; };
		3B9F4B33285278B3007AACC2 /* Teacher.swift */ = {isa = PBXFileReference; lastKnownFileType = sourcecode.swift; path = Teacher.swift; sourceTree = "<group>"; };
		3B9F4B3528527CB6007AACC2 /* SurveyableObjectsProvider.swift */ = {isa = PBXFileReference; lastKnownFileType = sourcecode.swift; path = SurveyableObjectsProvider.swift; sourceTree = "<group>"; };
		3B9F4B372853678F007AACC2 /* Surveyable.swift */ = {isa = PBXFileReference; lastKnownFileType = sourcecode.swift; path = Surveyable.swift; sourceTree = "<group>"; };
		3B9F4B3B28536B16007AACC2 /* ViewRepresentable.swift */ = {isa = PBXFileReference; lastKnownFileType = sourcecode.swift; path = ViewRepresentable.swift; sourceTree = "<group>"; };
		3BD54C3D284FC64C0004EACB /* NonSpaghettiValidation.app */ = {isa = PBXFileReference; explicitFileType = wrapper.application; includeInIndex = 0; path = NonSpaghettiValidation.app; sourceTree = BUILT_PRODUCTS_DIR; };
		3BD54C40284FC64C0004EACB /* AppDelegate.swift */ = {isa = PBXFileReference; lastKnownFileType = sourcecode.swift; path = AppDelegate.swift; sourceTree = "<group>"; };
		3BD54C42284FC64C0004EACB /* SceneDelegate.swift */ = {isa = PBXFileReference; lastKnownFileType = sourcecode.swift; path = SceneDelegate.swift; sourceTree = "<group>"; };
		3BD54C44284FC64C0004EACB /* MainViewController.swift */ = {isa = PBXFileReference; lastKnownFileType = sourcecode.swift; path = MainViewController.swift; sourceTree = "<group>"; };
		3BD54C49284FC64F0004EACB /* Assets.xcassets */ = {isa = PBXFileReference; lastKnownFileType = folder.assetcatalog; path = Assets.xcassets; sourceTree = "<group>"; };
		3BD54C4C284FC64F0004EACB /* Base */ = {isa = PBXFileReference; lastKnownFileType = file.storyboard; name = Base; path = Base.lproj/LaunchScreen.storyboard; sourceTree = "<group>"; };
		3BD54C4E284FC64F0004EACB /* Info.plist */ = {isa = PBXFileReference; lastKnownFileType = text.plist.xml; path = Info.plist; sourceTree = "<group>"; };
/* End PBXFileReference section */

/* Begin PBXFrameworksBuildPhase section */
		3BD54C3A284FC64C0004EACB /* Frameworks */ = {
			isa = PBXFrameworksBuildPhase;
			buildActionMask = 2147483647;
			files = (
				3B0EC0D7284FD08600ADDCE5 /* ReactiveDataDisplayManager in Frameworks */,
			);
			runOnlyForDeploymentPostprocessing = 0;
		};
/* End PBXFrameworksBuildPhase section */

/* Begin PBXGroup section */
		3B0EC0CA284FCB8B00ADDCE5 /* MainBuilder */ = {
			isa = PBXGroup;
			children = (
				3B0EC0CD284FCBE000ADDCE5 /* MainBuilder.swift */,
			);
			path = MainBuilder;
			sourceTree = "<group>";
		};
		3B0EC0CB284FCB9900ADDCE5 /* MainPresenter */ = {
			isa = PBXGroup;
			children = (
				3B0EC0D3284FCDE700ADDCE5 /* MainPresenter.swift */,
			);
			path = MainPresenter;
			sourceTree = "<group>";
		};
		3B0EC0CC284FCBAD00ADDCE5 /* MainView */ = {
			isa = PBXGroup;
			children = (
				3BD54C44284FC64C0004EACB /* MainViewController.swift */,
				3B0EC0CF284FCCA200ADDCE5 /* MainViewInput.swift */,
				3B0EC0D1284FCCAB00ADDCE5 /* MainViewOutput.swift */,
			);
			path = MainView;
			sourceTree = "<group>";
		};
		3B0EC0D8284FD68D00ADDCE5 /* Cells */ = {
			isa = PBXGroup;
			children = (
				3B1418D7284FDE8D001539D5 /* InputCell */,
			);
			path = Cells;
			sourceTree = "<group>";
		};
		3B1418D7284FDE8D001539D5 /* InputCell */ = {
			isa = PBXGroup;
			children = (
				3B0EC0D9284FD69B00ADDCE5 /* InputCell.swift */,
				3B1418D9284FDEA2001539D5 /* InputCellModel.swift */,
			);
			path = InputCell;
			sourceTree = "<group>";
		};
		3B99C7AA2850DD8400FBED8E /* Models */ = {
			isa = PBXGroup;
			children = (
				3B99C7AF2850E9CE00FBED8E /* Pupils */,
				3B99C7AD2850E94400FBED8E /* ShapeType.swift */,
			);
			path = Models;
			sourceTree = "<group>";
		};
		3B99C7AF2850E9CE00FBED8E /* Pupils */ = {
			isa = PBXGroup;
			children = (
				3B99C7C62850F11D00FBED8E /* NonDefined */,
				3B99C7BE2850EB2500FBED8E /* Neutral */,
				3B99C7B72850EAB500FBED8E /* Rounded */,
				3B99C7B02850EA7100FBED8E /* Sharped */,
			);
			path = Pupils;
			sourceTree = "<group>";
		};
		3B99C7B02850EA7100FBED8E /* Sharped */ = {
			isa = PBXGroup;
			children = (
				3B99C7B12850EA8900FBED8E /* Needle.swift */,
				3B99C7B32850EAA100FBED8E /* Trident.swift */,
				3B99C7B52850EAB000FBED8E /* Knife.swift */,
			);
			path = Sharped;
			sourceTree = "<group>";
		};
		3B99C7B72850EAB500FBED8E /* Rounded */ = {
			isa = PBXGroup;
			children = (
				3B99C7B82850EAC800FBED8E /* HeliumBalloon.swift */,
				3B99C7BA2850EAD700FBED8E /* AirBalloon.swift */,
				3B99C7BC2850EAE100FBED8E /* Ball.swift */,
			);
			path = Rounded;
			sourceTree = "<group>";
		};
		3B99C7BE2850EB2500FBED8E /* Neutral */ = {
			isa = PBXGroup;
			children = (
				3B99C7BF2850EB3300FBED8E /* Star.swift */,
				3B99C7C12850EB3A00FBED8E /* Moon.swift */,
			);
			path = Neutral;
			sourceTree = "<group>";
		};
		3B99C7C32850EBDE00FBED8E /* Protocols */ = {
			isa = PBXGroup;
			children = (
				3B9F4B3D28536B82007AACC2 /* ViewRepresentable */,
				3B9F4B3A285367C5007AACC2 /* Validation */,
				3B9F4B39285367A4007AACC2 /* Survey */,
				3B99C7AB2850DED000FBED8E /* Pupil.swift */,
			);
			path = Protocols;
			sourceTree = "<group>";
		};
		3B99C7C62850F11D00FBED8E /* NonDefined */ = {
			isa = PBXGroup;
			children = (
				3B99C7C72850F15A00FBED8E /* Mediator.swift */,
			);
			path = NonDefined;
			sourceTree = "<group>";
		};
		3B9F4B2928523F6C007AACC2 /* Validation */ = {
			isa = PBXGroup;
			children = (
				3B9F4B2D285272D3007AACC2 /* Validator */,
				3B9F4B2A28523F76007AACC2 /* Rules */,
			);
			path = Validation;
			sourceTree = "<group>";
		};
		3B9F4B2A28523F76007AACC2 /* Rules */ = {
			isa = PBXGroup;
			children = (
				3B9F4B2B28523F86007AACC2 /* RulePriority.swift */,
			);
			path = Rules;
			sourceTree = "<group>";
		};
		3B9F4B2D285272D3007AACC2 /* Validator */ = {
			isa = PBXGroup;
			children = (
				3B9F4B2E285272E3007AACC2 /* Validator.swift */,
			);
			path = Validator;
			sourceTree = "<group>";
		};
		3B9F4B3228527899007AACC2 /* Teacher */ = {
			isa = PBXGroup;
			children = (
				3B9F4B33285278B3007AACC2 /* Teacher.swift */,
			);
			path = Teacher;
			sourceTree = "<group>";
		};
		3B9F4B39285367A4007AACC2 /* Survey */ = {
			isa = PBXGroup;
			children = (
				3B9F4B372853678F007AACC2 /* Surveyable.swift */,
				3B9F4B3528527CB6007AACC2 /* SurveyableObjectsProvider.swift */,
			);
			path = Survey;
			sourceTree = "<group>";
		};
		3B9F4B3A285367C5007AACC2 /* Validation */ = {
			isa = PBXGroup;
			children = (
				3B9F4B3028527304007AACC2 /* ValidationRuleProtocol.swift */,
				3B99C7C42850EC7D00FBED8E /* Validable.swift */,
			);
			path = Validation;
			sourceTree = "<group>";
		};
		3B9F4B3D28536B82007AACC2 /* ViewRepresentable */ = {
			isa = PBXGroup;
			children = (
				3B9F4B3B28536B16007AACC2 /* ViewRepresentable.swift */,
			);
			path = ViewRepresentable;
			sourceTree = "<group>";
		};
		3BD54C34284FC64C0004EACB = {
			isa = PBXGroup;
			children = (
				3BD54C3F284FC64C0004EACB /* NonSpaghettiValidation */,
				3BD54C3E284FC64C0004EACB /* Products */,
			);
			sourceTree = "<group>";
		};
		3BD54C3E284FC64C0004EACB /* Products */ = {
			isa = PBXGroup;
			children = (
				3BD54C3D284FC64C0004EACB /* NonSpaghettiValidation.app */,
			);
			name = Products;
			sourceTree = "<group>";
		};
		3BD54C3F284FC64C0004EACB /* NonSpaghettiValidation */ = {
			isa = PBXGroup;
			children = (
				3BD54C55284FC8400004EACB /* Main */,
				3B0EC0D8284FD68D00ADDCE5 /* Cells */,
				3BD54C54284FC82B0004EACB /* App */,
				3BD54C56284FC84E0004EACB /* Source */,
				3BD54C4E284FC64F0004EACB /* Info.plist */,
			);
			path = NonSpaghettiValidation;
			sourceTree = "<group>";
		};
		3BD54C54284FC82B0004EACB /* App */ = {
			isa = PBXGroup;
			children = (
				3BD54C42284FC64C0004EACB /* SceneDelegate.swift */,
				3BD54C40284FC64C0004EACB /* AppDelegate.swift */,
			);
			path = App;
			sourceTree = "<group>";
		};
		3BD54C55284FC8400004EACB /* Main */ = {
			isa = PBXGroup;
			children = (
				3B9F4B3228527899007AACC2 /* Teacher */,
				3B9F4B2928523F6C007AACC2 /* Validation */,
				3B99C7C32850EBDE00FBED8E /* Protocols */,
				3B0EC0CC284FCBAD00ADDCE5 /* MainView */,
				3B0EC0CB284FCB9900ADDCE5 /* MainPresenter */,
				3B99C7AA2850DD8400FBED8E /* Models */,
				3B0EC0CA284FCB8B00ADDCE5 /* MainBuilder */,
			);
			path = Main;
			sourceTree = "<group>";
		};
		3BD54C56284FC84E0004EACB /* Source */ = {
			isa = PBXGroup;
			children = (
				3BD54C49284FC64F0004EACB /* Assets.xcassets */,
				3BD54C4B284FC64F0004EACB /* LaunchScreen.storyboard */,
			);
			path = Source;
			sourceTree = "<group>";
		};
/* End PBXGroup section */

/* Begin PBXNativeTarget section */
		3BD54C3C284FC64C0004EACB /* NonSpaghettiValidation */ = {
			isa = PBXNativeTarget;
			buildConfigurationList = 3BD54C51284FC64F0004EACB /* Build configuration list for PBXNativeTarget "NonSpaghettiValidation" */;
			buildPhases = (
				3BD54C39284FC64C0004EACB /* Sources */,
				3BD54C3A284FC64C0004EACB /* Frameworks */,
				3BD54C3B284FC64C0004EACB /* Resources */,
			);
			buildRules = (
			);
			dependencies = (
			);
			name = NonSpaghettiValidation;
			packageProductDependencies = (
				3B0EC0D6284FD08600ADDCE5 /* ReactiveDataDisplayManager */,
			);
			productName = NonSpaghettiValidation;
			productReference = 3BD54C3D284FC64C0004EACB /* NonSpaghettiValidation.app */;
			productType = "com.apple.product-type.application";
		};
/* End PBXNativeTarget section */

/* Begin PBXProject section */
		3BD54C35284FC64C0004EACB /* Project object */ = {
			isa = PBXProject;
			attributes = {
				BuildIndependentTargetsInParallel = 1;
				LastSwiftUpdateCheck = 1340;
				LastUpgradeCheck = 1340;
				TargetAttributes = {
					3BD54C3C284FC64C0004EACB = {
						CreatedOnToolsVersion = 13.4;
					};
				};
			};
			buildConfigurationList = 3BD54C38284FC64C0004EACB /* Build configuration list for PBXProject "NonSpaghettiValidation" */;
			compatibilityVersion = "Xcode 13.0";
			developmentRegion = en;
			hasScannedForEncodings = 0;
			knownRegions = (
				en,
				Base,
			);
			mainGroup = 3BD54C34284FC64C0004EACB;
			packageReferences = (
				3B0EC0D5284FD08600ADDCE5 /* XCRemoteSwiftPackageReference "ReactiveDataDisplayManager" */,
			);
			productRefGroup = 3BD54C3E284FC64C0004EACB /* Products */;
			projectDirPath = "";
			projectRoot = "";
			targets = (
				3BD54C3C284FC64C0004EACB /* NonSpaghettiValidation */,
			);
		};
/* End PBXProject section */

/* Begin PBXResourcesBuildPhase section */
		3BD54C3B284FC64C0004EACB /* Resources */ = {
			isa = PBXResourcesBuildPhase;
			buildActionMask = 2147483647;
			files = (
				3BD54C4D284FC64F0004EACB /* LaunchScreen.storyboard in Resources */,
				3BD54C4A284FC64F0004EACB /* Assets.xcassets in Resources */,
			);
			runOnlyForDeploymentPostprocessing = 0;
		};
/* End PBXResourcesBuildPhase section */

/* Begin PBXSourcesBuildPhase section */
		3BD54C39284FC64C0004EACB /* Sources */ = {
			isa = PBXSourcesBuildPhase;
			buildActionMask = 2147483647;
			files = (
				3B0EC0CE284FCBE000ADDCE5 /* MainBuilder.swift in Sources */,
				3B0EC0D0284FCCA200ADDCE5 /* MainViewInput.swift in Sources */,
				3B0EC0DA284FD69B00ADDCE5 /* InputCell.swift in Sources */,
				3B0EC0D2284FCCAB00ADDCE5 /* MainViewOutput.swift in Sources */,
				3B99C7B22850EA8900FBED8E /* Needle.swift in Sources */,
				3B9F4B2F285272E3007AACC2 /* Validator.swift in Sources */,
				3B99C7B62850EAB000FBED8E /* Knife.swift in Sources */,
				3B99C7C82850F15A00FBED8E /* Mediator.swift in Sources */,
				3BD54C45284FC64C0004EACB /* MainViewController.swift in Sources */,
				3B9F4B382853678F007AACC2 /* Surveyable.swift in Sources */,
				3B99C7AC2850DED100FBED8E /* Pupil.swift in Sources */,
				3BD54C41284FC64C0004EACB /* AppDelegate.swift in Sources */,
				3B99C7C02850EB3300FBED8E /* Star.swift in Sources */,
				3B9F4B2C28523F86007AACC2 /* RulePriority.swift in Sources */,
				3B1418DA284FDEA2001539D5 /* InputCellModel.swift in Sources */,
				3B99C7AE2850E94400FBED8E /* ShapeType.swift in Sources */,
				3B99C7B42850EAA100FBED8E /* Trident.swift in Sources */,
				3B9F4B3C28536B16007AACC2 /* ViewRepresentable.swift in Sources */,
				3B9F4B34285278B3007AACC2 /* Teacher.swift in Sources */,
				3B9F4B3628527CB6007AACC2 /* SurveyableObjectsProvider.swift in Sources */,
				3B99C7B92850EAC800FBED8E /* HeliumBalloon.swift in Sources */,
				3B0EC0D4284FCDE700ADDCE5 /* MainPresenter.swift in Sources */,
				3B99C7BB2850EAD700FBED8E /* AirBalloon.swift in Sources */,
				3B99C7C22850EB3A00FBED8E /* Moon.swift in Sources */,
				3BD54C43284FC64C0004EACB /* SceneDelegate.swift in Sources */,
				3B9F4B3128527304007AACC2 /* ValidationRuleProtocol.swift in Sources */,
				3B99C7C52850EC7D00FBED8E /* Validable.swift in Sources */,
				3B99C7BD2850EAE100FBED8E /* Ball.swift in Sources */,
			);
			runOnlyForDeploymentPostprocessing = 0;
		};
/* End PBXSourcesBuildPhase section */

/* Begin PBXVariantGroup section */
		3BD54C4B284FC64F0004EACB /* LaunchScreen.storyboard */ = {
			isa = PBXVariantGroup;
			children = (
				3BD54C4C284FC64F0004EACB /* Base */,
			);
			name = LaunchScreen.storyboard;
			sourceTree = "<group>";
		};
/* End PBXVariantGroup section */

/* Begin XCBuildConfiguration section */
		3BD54C4F284FC64F0004EACB /* Debug */ = {
			isa = XCBuildConfiguration;
			buildSettings = {
				ALWAYS_SEARCH_USER_PATHS = NO;
				CLANG_ANALYZER_NONNULL = YES;
				CLANG_ANALYZER_NUMBER_OBJECT_CONVERSION = YES_AGGRESSIVE;
				CLANG_CXX_LANGUAGE_STANDARD = "gnu++17";
				CLANG_ENABLE_MODULES = YES;
				CLANG_ENABLE_OBJC_ARC = YES;
				CLANG_ENABLE_OBJC_WEAK = YES;
				CLANG_WARN_BLOCK_CAPTURE_AUTORELEASING = YES;
				CLANG_WARN_BOOL_CONVERSION = YES;
				CLANG_WARN_COMMA = YES;
				CLANG_WARN_CONSTANT_CONVERSION = YES;
				CLANG_WARN_DEPRECATED_OBJC_IMPLEMENTATIONS = YES;
				CLANG_WARN_DIRECT_OBJC_ISA_USAGE = YES_ERROR;
				CLANG_WARN_DOCUMENTATION_COMMENTS = YES;
				CLANG_WARN_EMPTY_BODY = YES;
				CLANG_WARN_ENUM_CONVERSION = YES;
				CLANG_WARN_INFINITE_RECURSION = YES;
				CLANG_WARN_INT_CONVERSION = YES;
				CLANG_WARN_NON_LITERAL_NULL_CONVERSION = YES;
				CLANG_WARN_OBJC_IMPLICIT_RETAIN_SELF = YES;
				CLANG_WARN_OBJC_LITERAL_CONVERSION = YES;
				CLANG_WARN_OBJC_ROOT_CLASS = YES_ERROR;
				CLANG_WARN_QUOTED_INCLUDE_IN_FRAMEWORK_HEADER = YES;
				CLANG_WARN_RANGE_LOOP_ANALYSIS = YES;
				CLANG_WARN_STRICT_PROTOTYPES = YES;
				CLANG_WARN_SUSPICIOUS_MOVE = YES;
				CLANG_WARN_UNGUARDED_AVAILABILITY = YES_AGGRESSIVE;
				CLANG_WARN_UNREACHABLE_CODE = YES;
				CLANG_WARN__DUPLICATE_METHOD_MATCH = YES;
				COPY_PHASE_STRIP = NO;
				DEBUG_INFORMATION_FORMAT = dwarf;
				ENABLE_STRICT_OBJC_MSGSEND = YES;
				ENABLE_TESTABILITY = YES;
				GCC_C_LANGUAGE_STANDARD = gnu11;
				GCC_DYNAMIC_NO_PIC = NO;
				GCC_NO_COMMON_BLOCKS = YES;
				GCC_OPTIMIZATION_LEVEL = 0;
				GCC_PREPROCESSOR_DEFINITIONS = (
					"DEBUG=1",
					"$(inherited)",
				);
				GCC_WARN_64_TO_32_BIT_CONVERSION = YES;
				GCC_WARN_ABOUT_RETURN_TYPE = YES_ERROR;
				GCC_WARN_UNDECLARED_SELECTOR = YES;
				GCC_WARN_UNINITIALIZED_AUTOS = YES_AGGRESSIVE;
				GCC_WARN_UNUSED_FUNCTION = YES;
				GCC_WARN_UNUSED_VARIABLE = YES;
				IPHONEOS_DEPLOYMENT_TARGET = 14.0;
				MTL_ENABLE_DEBUG_INFO = INCLUDE_SOURCE;
				MTL_FAST_MATH = YES;
				ONLY_ACTIVE_ARCH = YES;
				SDKROOT = iphoneos;
				SWIFT_ACTIVE_COMPILATION_CONDITIONS = DEBUG;
				SWIFT_OPTIMIZATION_LEVEL = "-Onone";
			};
			name = Debug;
		};
		3BD54C50284FC64F0004EACB /* Release */ = {
			isa = XCBuildConfiguration;
			buildSettings = {
				ALWAYS_SEARCH_USER_PATHS = NO;
				CLANG_ANALYZER_NONNULL = YES;
				CLANG_ANALYZER_NUMBER_OBJECT_CONVERSION = YES_AGGRESSIVE;
				CLANG_CXX_LANGUAGE_STANDARD = "gnu++17";
				CLANG_ENABLE_MODULES = YES;
				CLANG_ENABLE_OBJC_ARC = YES;
				CLANG_ENABLE_OBJC_WEAK = YES;
				CLANG_WARN_BLOCK_CAPTURE_AUTORELEASING = YES;
				CLANG_WARN_BOOL_CONVERSION = YES;
				CLANG_WARN_COMMA = YES;
				CLANG_WARN_CONSTANT_CONVERSION = YES;
				CLANG_WARN_DEPRECATED_OBJC_IMPLEMENTATIONS = YES;
				CLANG_WARN_DIRECT_OBJC_ISA_USAGE = YES_ERROR;
				CLANG_WARN_DOCUMENTATION_COMMENTS = YES;
				CLANG_WARN_EMPTY_BODY = YES;
				CLANG_WARN_ENUM_CONVERSION = YES;
				CLANG_WARN_INFINITE_RECURSION = YES;
				CLANG_WARN_INT_CONVERSION = YES;
				CLANG_WARN_NON_LITERAL_NULL_CONVERSION = YES;
				CLANG_WARN_OBJC_IMPLICIT_RETAIN_SELF = YES;
				CLANG_WARN_OBJC_LITERAL_CONVERSION = YES;
				CLANG_WARN_OBJC_ROOT_CLASS = YES_ERROR;
				CLANG_WARN_QUOTED_INCLUDE_IN_FRAMEWORK_HEADER = YES;
				CLANG_WARN_RANGE_LOOP_ANALYSIS = YES;
				CLANG_WARN_STRICT_PROTOTYPES = YES;
				CLANG_WARN_SUSPICIOUS_MOVE = YES;
				CLANG_WARN_UNGUARDED_AVAILABILITY = YES_AGGRESSIVE;
				CLANG_WARN_UNREACHABLE_CODE = YES;
				CLANG_WARN__DUPLICATE_METHOD_MATCH = YES;
				COPY_PHASE_STRIP = NO;
				DEBUG_INFORMATION_FORMAT = "dwarf-with-dsym";
				ENABLE_NS_ASSERTIONS = NO;
				ENABLE_STRICT_OBJC_MSGSEND = YES;
				GCC_C_LANGUAGE_STANDARD = gnu11;
				GCC_NO_COMMON_BLOCKS = YES;
				GCC_WARN_64_TO_32_BIT_CONVERSION = YES;
				GCC_WARN_ABOUT_RETURN_TYPE = YES_ERROR;
				GCC_WARN_UNDECLARED_SELECTOR = YES;
				GCC_WARN_UNINITIALIZED_AUTOS = YES_AGGRESSIVE;
				GCC_WARN_UNUSED_FUNCTION = YES;
				GCC_WARN_UNUSED_VARIABLE = YES;
				IPHONEOS_DEPLOYMENT_TARGET = 14.0;
				MTL_ENABLE_DEBUG_INFO = NO;
				MTL_FAST_MATH = YES;
				SDKROOT = iphoneos;
				SWIFT_COMPILATION_MODE = wholemodule;
				SWIFT_OPTIMIZATION_LEVEL = "-O";
				VALIDATE_PRODUCT = YES;
			};
			name = Release;
		};
		3BD54C52284FC64F0004EACB /* Debug */ = {
			isa = XCBuildConfiguration;
			buildSettings = {
				ASSETCATALOG_COMPILER_APPICON_NAME = AppIcon;
				ASSETCATALOG_COMPILER_GLOBAL_ACCENT_COLOR_NAME = AccentColor;
				CODE_SIGN_STYLE = Automatic;
				CURRENT_PROJECT_VERSION = 1;
				DEVELOPMENT_TEAM = 65HCRGU5FA;
				GENERATE_INFOPLIST_FILE = YES;
				INFOPLIST_FILE = NonSpaghettiValidation/Info.plist;
				INFOPLIST_KEY_UIApplicationSupportsIndirectInputEvents = YES;
				INFOPLIST_KEY_UILaunchStoryboardName = LaunchScreen;
				INFOPLIST_KEY_UISupportedInterfaceOrientations_iPad = "UIInterfaceOrientationPortrait UIInterfaceOrientationPortraitUpsideDown UIInterfaceOrientationLandscapeLeft UIInterfaceOrientationLandscapeRight";
				INFOPLIST_KEY_UISupportedInterfaceOrientations_iPhone = "UIInterfaceOrientationPortrait UIInterfaceOrientationLandscapeLeft UIInterfaceOrientationLandscapeRight";
				IPHONEOS_DEPLOYMENT_TARGET = 14.0;
				LD_RUNPATH_SEARCH_PATHS = (
					"$(inherited)",
					"@executable_path/Frameworks",
				);
				MARKETING_VERSION = 1.0;
				PRODUCT_BUNDLE_IDENTIFIER = "Ilya-Cherkasov.NonSpaghettiValidation";
				PRODUCT_NAME = "$(TARGET_NAME)";
				SWIFT_EMIT_LOC_STRINGS = YES;
				SWIFT_VERSION = 5.0;
				TARGETED_DEVICE_FAMILY = "1,2";
			};
			name = Debug;
		};
		3BD54C53284FC64F0004EACB /* Release */ = {
			isa = XCBuildConfiguration;
			buildSettings = {
				ASSETCATALOG_COMPILER_APPICON_NAME = AppIcon;
				ASSETCATALOG_COMPILER_GLOBAL_ACCENT_COLOR_NAME = AccentColor;
				CODE_SIGN_STYLE = Automatic;
				CURRENT_PROJECT_VERSION = 1;
				DEVELOPMENT_TEAM = 65HCRGU5FA;
				GENERATE_INFOPLIST_FILE = YES;
				INFOPLIST_FILE = NonSpaghettiValidation/Info.plist;
				INFOPLIST_KEY_UIApplicationSupportsIndirectInputEvents = YES;
				INFOPLIST_KEY_UILaunchStoryboardName = LaunchScreen;
				INFOPLIST_KEY_UISupportedInterfaceOrientations_iPad = "UIInterfaceOrientationPortrait UIInterfaceOrientationPortraitUpsideDown UIInterfaceOrientationLandscapeLeft UIInterfaceOrientationLandscapeRight";
				INFOPLIST_KEY_UISupportedInterfaceOrientations_iPhone = "UIInterfaceOrientationPortrait UIInterfaceOrientationLandscapeLeft UIInterfaceOrientationLandscapeRight";
				IPHONEOS_DEPLOYMENT_TARGET = 14.0;
				LD_RUNPATH_SEARCH_PATHS = (
					"$(inherited)",
					"@executable_path/Frameworks",
				);
				MARKETING_VERSION = 1.0;
				PRODUCT_BUNDLE_IDENTIFIER = "Ilya-Cherkasov.NonSpaghettiValidation";
				PRODUCT_NAME = "$(TARGET_NAME)";
				SWIFT_EMIT_LOC_STRINGS = YES;
				SWIFT_VERSION = 5.0;
				TARGETED_DEVICE_FAMILY = "1,2";
			};
			name = Release;
		};
/* End XCBuildConfiguration section */

/* Begin XCConfigurationList section */
		3BD54C38284FC64C0004EACB /* Build configuration list for PBXProject "NonSpaghettiValidation" */ = {
			isa = XCConfigurationList;
			buildConfigurations = (
				3BD54C4F284FC64F0004EACB /* Debug */,
				3BD54C50284FC64F0004EACB /* Release */,
			);
			defaultConfigurationIsVisible = 0;
			defaultConfigurationName = Release;
		};
		3BD54C51284FC64F0004EACB /* Build configuration list for PBXNativeTarget "NonSpaghettiValidation" */ = {
			isa = XCConfigurationList;
			buildConfigurations = (
				3BD54C52284FC64F0004EACB /* Debug */,
				3BD54C53284FC64F0004EACB /* Release */,
			);
			defaultConfigurationIsVisible = 0;
			defaultConfigurationName = Release;
		};
/* End XCConfigurationList section */

/* Begin XCRemoteSwiftPackageReference section */
		3B0EC0D5284FD08600ADDCE5 /* XCRemoteSwiftPackageReference "ReactiveDataDisplayManager" */ = {
			isa = XCRemoteSwiftPackageReference;
			repositoryURL = "https://github.com/surfstudio/ReactiveDataDisplayManager";
			requirement = {
				kind = upToNextMajorVersion;
				minimumVersion = 7.0.0;
			};
		};
/* End XCRemoteSwiftPackageReference section */

/* Begin XCSwiftPackageProductDependency section */
		3B0EC0D6284FD08600ADDCE5 /* ReactiveDataDisplayManager */ = {
			isa = XCSwiftPackageProductDependency;
			package = 3B0EC0D5284FD08600ADDCE5 /* XCRemoteSwiftPackageReference "ReactiveDataDisplayManager" */;
			productName = ReactiveDataDisplayManager;
		};
/* End XCSwiftPackageProductDependency section */
	};
	rootObject = 3BD54C35284FC64C0004EACB /* Project object */;
}
